
Microsoft Visual Studio Solution File, Format Version 12.00
# Visual Studio 2013
VisualStudioVersion = 12.0.40629.0
MinimumVisualStudioVersion = 10.0.40219.1
Project("{FAE04EC0-301F-11D3-BF4B-00C04F79EFBC}") = "Presenstation", "Presenstation\Presenstation.csproj", "{47FFC47C-3176-4F44-8F0C-5C57EE6C1895}"
EndProject
Project("{FAE04EC0-301F-11D3-BF4B-00C04F79EFBC}") = "Common", "Common\Common.csproj", "{3ED0357E-1A15-44D5-AB7C-890035A80C59}"
EndProject
Project("{FAE04EC0-301F-11D3-BF4B-00C04F79EFBC}") = "Framework", "Framework\Framework.csproj", "{6929113E-981E-4582-894A-FC712A5CE54C}"
EndProject
Project("{FAE04EC0-301F-11D3-BF4B-00C04F79EFBC}") = "ViewModel", "ViewModel\ViewModel.csproj", "{D2BB856D-FF95-4DC3-B240-BC730BBB782B}"
EndProject
Project("{FAE04EC0-301F-11D3-BF4B-00C04F79EFBC}") = "Core", "Core\Core.csproj", "{EBEFA093-7578-4D07-A99D-643514314AA3}"
EndProject
Global
	GlobalSection(SolutionConfigurationPlatforms) = preSolution
		Debug|Any CPU = Debug|Any CPU
		Release|Any CPU = Release|Any CPU
	EndGlobalSection
	GlobalSection(ProjectConfigurationPlatforms) = postSolution
		{47FFC47C-3176-4F44-8F0C-5C57EE6C1895}.Debug|Any CPU.ActiveCfg = Debug|Any CPU
		{47FFC47C-3176-4F44-8F0C-5C57EE6C1895}.Debug|Any CPU.Build.0 = Debug|Any CPU
		{47FFC47C-3176-4F44-8F0C-5C57EE6C1895}.Release|Any CPU.ActiveCfg = Release|Any CPU
		{47FFC47C-3176-4F44-8F0C-5C57EE6C1895}.Release|Any CPU.Build.0 = Release|Any CPU
		{3ED0357E-1A15-44D5-AB7C-890035A80C59}.Debug|Any CPU.ActiveCfg = Debug|Any CPU
		{3ED0357E-1A15-44D5-AB7C-890035A80C59}.Debug|Any CPU.Build.0 = Debug|Any CPU
		{3ED0357E-1A15-44D5-AB7C-890035A80C59}.Release|Any CPU.ActiveCfg = Release|Any CPU
		{3ED0357E-1A15-44D5-AB7C-890035A80C59}.Release|Any CPU.Build.0 = Release|Any CPU
		{6929113E-981E-4582-894A-FC712A5CE54C}.Debug|Any CPU.ActiveCfg = Debug|Any CPU
		{6929113E-981E-4582-894A-FC712A5CE54C}.Debug|Any CPU.Build.0 = Debug|Any CPU
		{6929113E-981E-4582-894A-FC712A5CE54C}.Release|Any CPU.ActiveCfg = Release|Any CPU
		{6929113E-981E-4582-894A-FC712A5CE54C}.Release|Any CPU.Build.0 = Release|Any CPU
		{D2BB856D-FF95-4DC3-B240-BC730BBB782B}.Debug|Any CPU.ActiveCfg = Debug|Any CPU
		{D2BB856D-FF95-4DC3-B240-BC730BBB782B}.Debug|Any CPU.Build.0 = Debug|Any CPU
		{D2BB856D-FF95-4DC3-B240-BC730BBB782B}.Release|Any CPU.ActiveCfg = Release|Any CPU
		{D2BB856D-FF95-4DC3-B240-BC730BBB782B}.Release|Any CPU.Build.0 = Release|Any CPU
		{EBEFA093-7578-4D07-A99D-643514314AA3}.Debug|Any CPU.ActiveCfg = Debug|Any CPU
		{EBEFA093-7578-4D07-A99D-643514314AA3}.Debug|Any CPU.Build.0 = Debug|Any CPU
		{EBEFA093-7578-4D07-A99D-643514314AA3}.Release|Any CPU.ActiveCfg = Release|Any CPU
		{EBEFA093-7578-4D07-A99D-643514314AA3}.Release|Any CPU.Build.0 = Release|Any CPU
	EndGlobalSection
	GlobalSection(SolutionProperties) = preSolution
		HideSolutionNode = FALSE
	EndGlobalSection
EndGlobal
